
Microsoft Visual Studio Solution File, Format Version 12.00
# Visual Studio Version 17
VisualStudioVersion = 17.9.34622.214
MinimumVisualStudioVersion = 10.0.40219.1
Project("{9A19103F-16F7-4668-BE54-9A1E7A4F7556}") = "SmartGlove.Api", "SmartGlove.Api.csproj", "{761F4D9C-2FE8-47E6-B562-DBD2A8013DDD}"
EndProject
Project("{9A19103F-16F7-4668-BE54-9A1E7A4F7556}") = "SmartGlove.Service", "..\Service\SmartGlove.Service.csproj", "{BF1784A7-97A5-47D9-AC75-4C7BA14BE1E4}"
EndProject
Project("{9A19103F-16F7-4668-BE54-9A1E7A4F7556}") = "SmartGlove.Model", "..\SmartGlove.Model\SmartGlove.Model.csproj", "{C95ECCC9-FBE2-49D3-A2A0-DB3E4CC8605A}"
EndProject
Global
	GlobalSection(SolutionConfigurationPlatforms) = preSolution
		Debug|Any CPU = Debug|Any CPU
		Release|Any CPU = Release|Any CPU
	EndGlobalSection
	GlobalSection(ProjectConfigurationPlatforms) = postSolution
		{761F4D9C-2FE8-47E6-B562-DBD2A8013DDD}.Debug|Any CPU.ActiveCfg = Debug|Any CPU
		{761F4D9C-2FE8-47E6-B562-DBD2A8013DDD}.Debug|Any CPU.Build.0 = Debug|Any CPU
		{761F4D9C-2FE8-47E6-B562-DBD2A8013DDD}.Release|Any CPU.ActiveCfg = Release|Any CPU
		{761F4D9C-2FE8-47E6-B562-DBD2A8013DDD}.Release|Any CPU.Build.0 = Release|Any CPU
		{BF1784A7-97A5-47D9-AC75-4C7BA14BE1E4}.Debug|Any CPU.ActiveCfg = Debug|Any CPU
		{BF1784A7-97A5-47D9-AC75-4C7BA14BE1E4}.Debug|Any CPU.Build.0 = Debug|Any CPU
		{BF1784A7-97A5-47D9-AC75-4C7BA14BE1E4}.Release|Any CPU.ActiveCfg = Release|Any CPU
		{BF1784A7-97A5-47D9-AC75-4C7BA14BE1E4}.Release|Any CPU.Build.0 = Release|Any CPU
		{C95ECCC9-FBE2-49D3-A2A0-DB3E4CC8605A}.Debug|Any CPU.ActiveCfg = Debug|Any CPU
		{C95ECCC9-FBE2-49D3-A2A0-DB3E4CC8605A}.Debug|Any CPU.Build.0 = Debug|Any CPU
		{C95ECCC9-FBE2-49D3-A2A0-DB3E4CC8605A}.Release|Any CPU.ActiveCfg = Release|Any CPU
		{C95ECCC9-FBE2-49D3-A2A0-DB3E4CC8605A}.Release|Any CPU.Build.0 = Release|Any CPU
	EndGlobalSection
	GlobalSection(SolutionProperties) = preSolution
		HideSolutionNode = FALSE
	EndGlobalSection
	GlobalSection(ExtensibilityGlobals) = postSolution
		SolutionGuid = {4B5E1D40-C7D5-4D92-B7C7-C8493E421928}
	EndGlobalSection
EndGlobal
